{
  "name": "react-todos",
  "version": "0.1.0",
  "lockfileVersion": 1,
  "requires": true,
  "dependencies": {
    "antd": {
      "version": "2.12.5",
      "resolved": "http://registry.npm.taobao.org/antd/download/antd-2.12.5.tgz",
      "integrity": "sha1-MwJqNvE9wb7Bvu6IJn3BdyEQw4E="
    },
    "asap": {
      "version": "2.0.6",
      "resolved": "http://registry.npm.taobao.org/asap/download/asap-2.0.6.tgz",
      "integrity": "sha1-5QNHYR1+aQlDIIu9r+vLwvuGbUY=",
      "dev": true
    },
    "autoprefixer": {
      "version": "6.7.2",
      "resolved": "http://registry.npm.taobao.org/autoprefixer/download/autoprefixer-6.7.2.tgz",
      "integrity": "sha1-Fyqwe5mK6blXUwkopZpAvlSkUCM=",
      "dev": true
    },
    "axios": {
      "version": "0.16.2",
      "resolved": "http://registry.npm.taobao.org/axios/download/axios-0.16.2.tgz",
      "integrity": "sha1-uk+S8XFn37q0CYN4VFS5rBScPG0="
    },
    "babel-core": {
      "version": "6.22.1",
      "resolved": "http://registry.npm.taobao.org/babel-core/download/babel-core-6.22.1.tgz",
      "integrity": "sha1-nF/WWLoXctKNch9tJdlo/HriFkg=",
      "dev": true
    },
    "babel-eslint": {
      "version": "7.1.1",
      "resolved": "http://registry.npm.taobao.org/babel-eslint/download/babel-eslint-7.1.1.tgz",
      "integrity": "sha1-imqITwhapwYK9pz8dzQcL5k3D7I=",
      "dev": true
    },
    "babel-jest": {
      "version": "18.0.0",
      "resolved": "http://registry.npm.taobao.org/babel-jest/download/babel-jest-18.0.0.tgz",
      "integrity": "sha1-F+u6jLMoXJBthZ6HB+Tnl5X7ZeM=",
      "dev": true
    },
    "babel-loader": {
      "version": "6.2.10",
      "resolved": "http://registry.npm.taobao.org/babel-loader/download/babel-loader-6.2.10.tgz",
      "integrity": "sha1-re/CskIyDNXRXmWzHOoOixsC1LA=",
      "dev": true
    },
    "babel-preset-react-app": {
      "version": "2.2.0",
      "resolved": "http://registry.npm.taobao.org/babel-preset-react-app/download/babel-preset-react-app-2.2.0.tgz",
      "integrity": "sha1-MUO88xYEn3i1+dBCL9eCLKRxXKQ=",
      "dev": true,
      "dependencies": {
        "babel-runtime": {
          "version": "6.22.0",
          "resolved": "http://registry.npm.taobao.org/babel-runtime/download/babel-runtime-6.22.0.tgz",
          "integrity": "sha1-HPi0rGfHek3bDbKuH3TeUqxMphE="
        }
      }
    },
    "babel-runtime": {
      "version": "6.25.0",
      "resolved": "http://registry.npm.taobao.org/babel-runtime/download/babel-runtime-6.25.0.tgz",
      "integrity": "sha1-M7mOql1IK7AajRqmtDetKwGuxBw=",
      "dev": true
    },
    "bcrypt": {
      "version": "1.0.2",
      "resolved": "http://registry.npm.taobao.org/bcrypt/download/bcrypt-1.0.2.tgz",
      "integrity": "sha1-0F/F0iMXPg4o7DgcDwDMJf+vJzY="
    },
    "bluebird": {
      "version": "3.5.0",
      "resolved": "http://registry.npm.taobao.org/bluebird/download/bluebird-3.5.0.tgz",
      "integrity": "sha1-eRQg1/VR7qKJdFOop3ZT+WYG1nw="
    },
    "body-parser": {
      "version": "1.17.2",
      "resolved": "http://registry.npm.taobao.org/body-parser/download/body-parser-1.17.2.tgz",
      "integrity": "sha1-+IkqvI+eYn1Crtr7yma/WrmRBO4=",
      "dependencies": {
        "debug": {
          "version": "2.6.7",
          "resolved": "http://registry.npm.taobao.org/debug/download/debug-2.6.7.tgz",
          "integrity": "sha1-krrR9tBbu2u6Isyoi80OyJTChh4="
        },
        "iconv-lite": {
          "version": "0.4.15",
          "resolved": "http://registry.npm.taobao.org/iconv-lite/download/iconv-lite-0.4.15.tgz",
          "integrity": "sha1-/iZaIYrGpXz+hUkn6dBMGYJe3es="
        }
      }
    },
    "bson": {
      "version": "1.0.4",
      "resolved": "http://registry.npm.taobao.org/bson/download/bson-1.0.4.tgz",
      "integrity": "sha1-k8ENOeqltYQVy8QFLz5T5WKwtyw="
    },
    "buffer-shims": {
      "version": "1.0.0",
      "resolved": "http://registry.npm.taobao.org/buffer-shims/download/buffer-shims-1.0.0.tgz",
      "integrity": "sha1-mXjOMXOIxkmth5MCjDR37wRKi1E="
    },
    "case-sensitive-paths-webpack-plugin": {
      "version": "1.1.4",
      "resolved": "http://registry.npm.taobao.org/case-sensitive-paths-webpack-plugin/download/case-sensitive-paths-webpack-plugin-1.1.4.tgz",
      "integrity": "sha1-iq7dVpmobKwrNM9A2bQUV1iXhHI=",
      "dev": true
    },
    "chalk": {
      "version": "1.1.3",
      "resolved": "http://registry.npm.taobao.org/chalk/download/chalk-1.1.3.tgz",
      "integrity": "sha1-qBFcVeSnAv5NFQq9OHKCKn4J/Jg=",
      "dev": true
    },
    "commander": {
      "version": "2.11.0",
      "resolved": "http://registry.npm.taobao.org/commander/download/commander-2.11.0.tgz",
      "integrity": "sha1-FXFS/R56bI2YpbcVzzdt+SgARWM="
    },
    "connect-history-api-fallback": {
      "version": "1.3.0",
      "resolved": "http://registry.npm.taobao.org/connect-history-api-fallback/download/connect-history-api-fallback-1.3.0.tgz",
      "integrity": "sha1-5R0X+PDvDbkKZP20feMFFVbp8Wk=",
      "dev": true
    },
    "connect-mongo": {
      "version": "1.3.2",
      "resolved": "http://registry.npm.taobao.org/connect-mongo/download/connect-mongo-1.3.2.tgz",
      "integrity": "sha1-fL9Y3/8mdg5eAOAX0KhbS8kLnTc="
    },
    "core-util-is": {
      "version": "1.0.2",
      "resolved": "http://registry.npm.taobao.org/core-util-is/download/core-util-is-1.0.2.tgz",
      "integrity": "sha1-tf1UIgqivFq1eqtxQMlAdUUDwac="
    },
    "cors": {
      "version": "2.8.4",
      "resolved": "http://registry.npm.taobao.org/cors/download/cors-2.8.4.tgz",
      "integrity": "sha1-K9OB8usgECAQXNUOpZ2mMJBpRoY="
    },
    "cross-spawn": {
      "version": "4.0.2",
      "resolved": "http://registry.npm.taobao.org/cross-spawn/download/cross-spawn-4.0.2.tgz",
      "integrity": "sha1-e5JHYhwjrf3ThWAEqCPL45dCTUE=",
      "dev": true
    },
    "css-loader": {
      "version": "0.26.1",
      "resolved": "http://registry.npm.taobao.org/css-loader/download/css-loader-0.26.1.tgz",
      "integrity": "sha1-K6fyATG5NZdJaz6btQB4WknNKeo=",
      "dev": true
    },
    "detect-port": {
      "version": "1.1.0",
      "resolved": "http://registry.npm.taobao.org/detect-port/download/detect-port-1.1.0.tgz",
      "integrity": "sha1-/edXRZHqPedERXgmQ8P5IbKkYYw=",
      "dev": true
    },
    "dotenv": {
      "version": "2.0.0",
      "resolved": "http://registry.npm.taobao.org/dotenv/download/dotenv-2.0.0.tgz",
      "integrity": "sha1-vXWcNXqqcDZeAclrewvsCKbg2Uk=",
      "dev": true
    },
    "es6-promise": {
      "version": "3.2.1",
      "resolved": "http://registry.npm.taobao.org/es6-promise/download/es6-promise-3.2.1.tgz",
      "integrity": "sha1-7FYjOGgDKQkgcXDDlEjiREndH8Q="
    },
    "eslint": {
      "version": "3.16.1",
      "resolved": "http://registry.npm.taobao.org/eslint/download/eslint-3.16.1.tgz",
      "integrity": "sha1-m8MfxzQWks93LoBgdQj2fXEcVgk=",
      "dev": true,
      "dependencies": {
        "strip-bom": {
          "version": "3.0.0",
          "resolved": "http://registry.npm.taobao.org/strip-bom/download/strip-bom-3.0.0.tgz",
          "integrity": "sha1-IzTBjpx1n3vdVv3vfprj1YjmjtM="
        }
      }
    },
    "eslint-config-react-app": {
      "version": "0.6.2",
      "resolved": "http://registry.npm.taobao.org/eslint-config-react-app/download/eslint-config-react-app-0.6.2.tgz",
      "integrity": "sha1-7lNcuq+eNXbqFrma/nIDU9hzDsA=",
      "dev": true
    },
    "eslint-loader": {
      "version": "1.6.0",
      "resolved": "http://registry.npm.taobao.org/eslint-loader/download/eslint-loader-1.6.0.tgz",
      "integrity": "sha1-OPmh5sYCpPHz81FiiXJuXSbm4WU=",
      "dev": true
    },
    "eslint-plugin-flowtype": {
      "version": "2.21.0",
      "resolved": "http://registry.npm.taobao.org/eslint-plugin-flowtype/download/eslint-plugin-flowtype-2.21.0.tgz",
      "integrity": "sha1-pH6Fq83RgdN6M2BUvVUhSa44fZw=",
      "dev": true
    },
    "eslint-plugin-import": {
      "version": "2.0.1",
      "resolved": "http://registry.npm.taobao.org/eslint-plugin-import/download/eslint-plugin-import-2.0.1.tgz",
      "integrity": "sha1-3P6WNX1Haz+CJXDULCm+xm9dnFw=",
      "dev": true,
      "dependencies": {
        "doctrine": {
          "version": "1.3.0",
          "resolved": "http://registry.npm.taobao.org/doctrine/download/doctrine-1.3.0.tgz",
          "integrity": "sha1-E+dWgrVVGEJCdvfBc3g0Vu+RPSY="
        }
      }
    },
    "eslint-plugin-jsx-a11y": {
      "version": "4.0.0",
      "resolved": "http://registry.npm.taobao.org/eslint-plugin-jsx-a11y/download/eslint-plugin-jsx-a11y-4.0.0.tgz",
      "integrity": "sha1-d5uw/nsI2lZKQiYkkR3hAGHgSO4=",
      "dev": true
    },
    "eslint-plugin-react": {
      "version": "6.4.1",
      "resolved": "http://registry.npm.taobao.org/eslint-plugin-react/download/eslint-plugin-react-6.4.1.tgz",
      "integrity": "sha1-fRqt50fbFYkvce7h/qSt35e8+is=",
      "dev": true
    },
    "express": {
      "version": "4.15.4",
      "resolved": "http://registry.npm.taobao.org/express/download/express-4.15.4.tgz",
      "integrity": "sha1-Ay4iU0ic+PzgJma+yj0R7XotrtE=",
      "dependencies": {
        "qs": {
          "version": "6.5.0",
          "resolved": "http://registry.npm.taobao.org/qs/download/qs-6.5.0.tgz",
          "integrity": "sha1-jQSVTTZN7z78VbWgeT4eLIsebkk="
        }
      }
    },
    "express-session": {
      "version": "1.15.5",
      "resolved": "http://registry.npm.taobao.org/express-session/download/express-session-1.15.5.tgz",
      "integrity": "sha1-9JoYInJjsxb2+FRNpf7iWlQCWew="
    },
    "extract-text-webpack-plugin": {
      "version": "1.0.1",
      "resolved": "http://registry.npm.taobao.org/extract-text-webpack-plugin/download/extract-text-webpack-plugin-1.0.1.tgz",
      "integrity": "sha1-yVvzy6rEnclvHcbgclSfu2VMzSw=",
      "dev": true,
      "dependencies": {
        "async": {
          "version": "1.5.2",
          "resolved": "http://registry.npm.taobao.org/async/download/async-1.5.2.tgz",
          "integrity": "sha1-7GphrlZIDAw8skHJVhjiCJL5Zyo="
        }
      }
    },
    "file-loader": {
      "version": "0.10.0",
      "resolved": "http://registry.npm.taobao.org/file-loader/download/file-loader-0.10.0.tgz",
      "integrity": "sha1-u+bbdHSsksf1T9wZfPVH6YtrjhI=",
      "dev": true
    },
    "fs-extra": {
      "version": "0.30.0",
      "resolved": "http://registry.npm.taobao.org/fs-extra/download/fs-extra-0.30.0.tgz",
      "integrity": "sha1-8jP/zAjU2n1DLapEl3aYnbHfk/A=",
      "dev": true
    },
    "html-webpack-plugin": {
      "version": "2.24.0",
      "resolved": "http://registry.npm.taobao.org/html-webpack-plugin/download/html-webpack-plugin-2.24.0.tgz",
      "integrity": "sha1-U2l86nmp880fjCOaxx+UnVZzyss=",
      "dev": true
    },
    "http-proxy-middleware": {
      "version": "0.17.3",
      "resolved": "http://registry.npm.taobao.org/http-proxy-middleware/download/http-proxy-middleware-0.17.3.tgz",
      "integrity": "sha1-lAOCFHFJuFYIT1U0dS1bWoFozR0=",
      "dev": true,
      "dependencies": {
        "is-extglob": {
          "version": "2.1.1",
          "resolved": "http://registry.npm.taobao.org/is-extglob/download/is-extglob-2.1.1.tgz",
          "integrity": "sha1-qIwCU1eR8C7TfHahueqXc8gz+MI="
        },
        "is-glob": {
          "version": "3.1.0",
          "resolved": "http://registry.npm.taobao.org/is-glob/download/is-glob-3.1.0.tgz",
          "integrity": "sha1-e6WuJCF4BKxwcHuWkiVnSGzD6Eo="
        }
      }
    },
    "inherits": {
      "version": "2.0.3",
      "resolved": "http://registry.npm.taobao.org/inherits/download/inherits-2.0.3.tgz",
      "integrity": "sha1-Yzwsg+PaQqUC9SRmAiSA9CCCYd4="
    },
    "isarray": {
      "version": "1.0.0",
      "resolved": "http://registry.npm.taobao.org/isarray/download/isarray-1.0.0.tgz",
      "integrity": "sha1-u5NdSFgsuhaMBoNJV6VKPgcSTxE="
    },
    "jest": {
      "version": "18.1.0",
      "resolved": "http://registry.npm.taobao.org/jest/download/jest-18.1.0.tgz",
      "integrity": "sha1-vOvx4gPe5cKtIJHIBTAKND2ebH0=",
      "dev": true,
      "dependencies": {
        "callsites": {
          "version": "2.0.0",
          "resolved": "http://registry.npm.taobao.org/callsites/download/callsites-2.0.0.tgz",
          "integrity": "sha1-BuuE8A7qQT2oav/vrL/7Ngk7PFA="
        },
        "jest-cli": {
          "version": "18.1.0",
          "resolved": "http://registry.npm.taobao.org/jest-cli/download/jest-cli-18.1.0.tgz",
          "integrity": "sha1-Xq027K1CCBfCybqiqnV09jJXs9Y="
        }
      }
    },
    "json-loader": {
      "version": "0.5.4",
      "resolved": "http://registry.npm.taobao.org/json-loader/download/json-loader-0.5.4.tgz",
      "integrity": "sha1-i6oTZaYy9Yo8RtIBdfxgAsluN94=",
      "dev": true
    },
    "kareem": {
      "version": "1.5.0",
      "resolved": "http://registry.npm.taobao.org/kareem/download/kareem-1.5.0.tgz",
      "integrity": "sha1-4+QQHZ3P3imXadr0tNtk2JXRdEg="
    },
    "lodash": {
      "version": "4.17.4",
      "resolved": "http://registry.npm.taobao.org/lodash/download/lodash-4.17.4.tgz",
      "integrity": "sha1-eCA6TRwyiuHYbcpkYONptX9AVa4="
    },
    "lodash.get": {
      "version": "4.4.2",
      "resolved": "http://registry.npm.taobao.org/lodash.get/download/lodash.get-4.4.2.tgz",
      "integrity": "sha1-LRd/ZS+jHpObRDjVNBSZ36OCXpk="
    },
    "mongoose": {
      "version": "4.13.21",
      "resolved": "https://registry.npmjs.org/mongoose/-/mongoose-4.13.21.tgz",
      "integrity": "sha512-0VZtQu1rSUPwUtbb7zh6CymI0nNkVInOIDbtWNlna070qnUO14On8PpSVSwlx3gwmkKL2OkP4ioCj5YHC6trMg==",
      "requires": {
        "async": "2.6.0",
        "bson": "~1.0.4",
        "hooks-fixed": "2.0.2",
        "kareem": "1.5.0",
        "lodash.get": "4.4.2",
        "mongodb": "2.2.34",
        "mpath": "0.5.1",
        "mpromise": "0.5.5",
        "mquery": "2.3.3",
        "ms": "2.0.0",
        "muri": "1.3.0",
        "regexp-clone": "0.0.1",
        "sliced": "1.0.1"
      },
      "dependencies": {
        "async": {
          "version": "2.6.0",
          "resolved": "https://registry.npmjs.org/async/-/async-2.6.0.tgz",
          "integrity": "sha512-xAfGg1/NTLBBKlHFmnd7PlmUW9KhVQIUuSrYem9xzFUZy13ScvtyGGejaae9iAVRiRq9+Cx7DPFaAAhCpyxyPw==",
          "requires": {
            "lodash": "^4.14.0"
          }
        },
        "debug": {
          "version": "2.6.9",
          "resolved": "https://registry.npmjs.org/debug/-/debug-2.6.9.tgz",
          "integrity": "sha512-bC7ElrdJaJnPbAP+1EotYvqZsb3ecl5wi6Bfi6BJTUcNowp6cvspg0jXznRTKDjm/E7AdgFBVeAPVMNcKGsHMA==",
          "requires": {
            "ms": "2.0.0"
          }
        },
        "hooks-fixed": {
          "version": "2.0.2",
          "resolved": "https://registry.npmjs.org/hooks-fixed/-/hooks-fixed-2.0.2.tgz",
          "integrity": "sha512-YurCM4gQSetcrhwEtpQHhQ4M7Zo7poNGqY4kQGeBS6eZtOcT3tnNs01ThFa0jYBByAiYt1MjMjP/YApG0EnAvQ=="
        },
        "mongodb": {
          "version": "2.2.34",
          "resolved": "https://registry.npmjs.org/mongodb/-/mongodb-2.2.34.tgz",
          "integrity": "sha512-JNW3PxPSMaG5Qu1yWb/BwVmAd5/d6sdX0Fy8Av3pAF3KbwDRqormEGIJMoDjiV/JtOR2zRSPk4xHgZxwI/bAnQ==",
          "requires": {
            "es6-promise": "3.2.1",
            "mongodb-core": "2.1.18",
            "readable-stream": "2.2.7"
          }
        },
        "mongodb-core": {
          "version": "2.1.18",
          "resolved": "https://registry.npmjs.org/mongodb-core/-/mongodb-core-2.1.18.tgz",
          "integrity": "sha512-i+PcaD5a5xF6gc2ujgvQDORV2iSRfoJ+IeBWUZrq37KRMJp+3G79/gPRXVkj/3CEGCPIDDYoTkaRgNpxJDrKBA==",
          "requires": {
            "bson": "~1.0.4",
            "require_optional": "~1.0.0"
          }
        },
        "mpath": {
          "version": "0.5.1",
          "resolved": "https://registry.npmjs.org/mpath/-/mpath-0.5.1.tgz",
          "integrity": "sha512-H8OVQ+QEz82sch4wbODFOz+3YQ61FYz/z3eJ5pIdbMEaUzDqA268Wd+Vt4Paw9TJfvDgVKaayC0gBzMIw2jhsg=="
        },
        "mquery": {
          "version": "2.3.3",
          "resolved": "https://registry.npmjs.org/mquery/-/mquery-2.3.3.tgz",
          "integrity": "sha512-NC8L14kn+qxJbbJ1gbcEMDxF0sC3sv+1cbRReXXwVvowcwY1y9KoVZFq0ebwARibsadu8lx8nWGvm3V0Pf0ZWQ==",
          "requires": {
            "bluebird": "3.5.0",
            "debug": "2.6.9",
            "regexp-clone": "0.0.1",
            "sliced": "0.0.5"
          },
          "dependencies": {
            "sliced": {
              "version": "0.0.5",
              "resolved": "https://registry.npmjs.org/sliced/-/sliced-0.0.5.tgz",
              "integrity": "sha512-9bYT917D6H3+q8GlQBJmLVz3bc4OeVGfZ2BB12wvLnluTGfG6/8UdOUbKJDW1EEx9SZMDbjnatkau5/XcUeyOw=="
            }
          }
        },
        "muri": {
          "version": "1.3.0",
          "resolved": "https://registry.npmjs.org/muri/-/muri-1.3.0.tgz",
          "integrity": "sha512-FiaFwKl864onHFFUV/a2szAl7X0fxVlSKNdhTf+BM8i8goEgYut8u5P9MqQqIYwvaMxjzVESsoEm/2kfkFH1rg=="
        },
        "readable-stream": {
          "version": "2.2.7",
          "resolved": "https://registry.npmjs.org/readable-stream/-/readable-stream-2.2.7.tgz",
          "integrity": "sha512-a6ibcfWFhgihuTw/chl+u3fB5ykBZFmnvpyZHebY0MCQE4vvYcsCLpCeaQ1BkH7HdJYavNSqF0WDLeo4IPHQaQ==",
          "requires": {
            "buffer-shims": "~1.0.0",
            "core-util-is": "~1.0.0",
            "inherits": "~2.0.1",
            "isarray": "~1.0.0",
            "process-nextick-args": "~1.0.6",
            "string_decoder": "~1.0.0",
            "util-deprecate": "~1.0.1"
          }
        }
      }
    },
    "mpromise": {
      "version": "0.5.5",
      "resolved": "http://registry.npm.taobao.org/mpromise/download/mpromise-0.5.5.tgz",
      "integrity": "sha1-9bJCWddjrMIlewoMjG2Gb9UXMuY="
    },
    "ms": {
      "version": "2.0.0",
      "resolved": "http://registry.npm.taobao.org/ms/download/ms-2.0.0.tgz",
      "integrity": "sha1-VgiurfwAvmwpAd9fmGF4jeDVl8g="
    },
    "nodemon": {
      "version": "1.11.0",
      "resolved": "http://registry.npm.taobao.org/nodemon/download/nodemon-1.11.0.tgz",
      "integrity": "sha1-ImxWK9KnsT09dRi0mtSCijYj0Gw=",
      "dev": true
    },
    "object-assign": {
      "version": "4.1.1",
      "resolved": "http://registry.npm.taobao.org/object-assign/download/object-assign-4.1.1.tgz",
      "integrity": "sha1-IQmtx5ZYh8/AXLvUQsrIv7s2CGM=",
      "dev": true
    },
    "postcss-loader": {
      "version": "1.2.2",
      "resolved": "http://registry.npm.taobao.org/postcss-loader/download/postcss-loader-1.2.2.tgz",
      "integrity": "sha1-u/ThmozehVl+DJv9lgFf53WhV6w=",
      "dev": true
    },
    "process-nextick-args": {
      "version": "1.0.7",
      "resolved": "http://registry.npm.taobao.org/process-nextick-args/download/process-nextick-args-1.0.7.tgz",
      "integrity": "sha1-FQ4gt1ZZCtP5EJPyWk8q2L/zC6M="
    },
    "promise": {
      "version": "7.1.1",
      "resolved": "https://registry.npmjs.org/promise/-/promise-7.1.1.tgz",
      "integrity": "sha512-mxw1Fcl1jxLdpzS7MTIxrdiWk3CeMvZvVSGWE4P9eml3diZPBZTNV4oQsdYY3fY6j9udbmC1mSP6lqlzg6voBA==",
      "dev": true,
      "requires": {
        "asap": "~2.0.3"
      }
    },
    "react": {
      "version": "15.6.1",
      "resolved": "http://registry.npm.taobao.org/react/download/react-15.6.1.tgz",
      "integrity": "sha1-uqhDTsZ4C96ZfNw4C3nNM7ljk98="
    },
    "react-dev-utils": {
      "version": "0.5.2",
      "resolved": "http://registry.npm.taobao.org/react-dev-utils/download/react-dev-utils-0.5.2.tgz",
      "integrity": "sha1-UNC5YtOpS2wujyAR7WRo5BJLxBA=",
      "dev": true
    },
    "react-dom": {
      "version": "15.6.1",
      "resolved": "http://registry.npm.taobao.org/react-dom/download/react-dom-15.6.1.tgz",
      "integrity": "sha1-LLDtQZEDjlPCCes6eaI+Kkz5lHA="
    },
    "react-redux": {
      "version": "5.0.6",
      "resolved": "http://registry.npm.taobao.org/react-redux/download/react-redux-5.0.6.tgz",
      "integrity": "sha1-I+06T5hjWdaLUhLqqmgeYNZXSUY=",
      "dependencies": {
        "hoist-non-react-statics": {
          "version": "2.2.2",
          "resolved": "http://registry.npm.taobao.org/hoist-non-react-statics/download/hoist-non-react-statics-2.2.2.tgz",
          "integrity": "sha1-wOylp9WijFraMQfrdjsB2mv6gfs="
        }
      }
    },
    "react-router": {
      "version": "3.0.5",
      "resolved": "http://registry.npm.taobao.org/react-router/download/react-router-3.0.5.tgz",
      "integrity": "sha1-w7eHN1gEWou8lWKu9P9LyMznwTY="
    },
    "redux": {
      "version": "3.7.2",
      "resolved": "http://registry.npm.taobao.org/redux/download/redux-3.7.2.tgz",
      "integrity": "sha1-BrcxIyFZAdJdBlvjQusCa8HIU3s="
    },
    "redux-thunk": {
      "version": "2.2.0",
      "resolved": "http://registry.npm.taobao.org/redux-thunk/download/redux-thunk-2.2.0.tgz",
      "integrity": "sha1-5hWhbha0ehmlFXZhM9Hj6Zt4UuU="
    },
    "regexp-clone": {
      "version": "0.0.1",
      "resolved": "http://registry.npm.taobao.org/regexp-clone/download/regexp-clone-0.0.1.tgz",
      "integrity": "sha1-p8LgmJH9vzj7sQ03b7cwA+aKxYk="
    },
    "require_optional": {
      "version": "1.0.1",
      "resolved": "http://registry.npm.taobao.org/require_optional/download/require_optional-1.0.1.tgz",
      "integrity": "sha1-TPNaQkf2TKPfjC7yCMxJSxyo/C4="
    },
    "sliced": {
      "version": "1.0.1",
      "resolved": "http://registry.npm.taobao.org/sliced/download/sliced-1.0.1.tgz",
      "integrity": "sha1-CzpmK10Ewxd7GSa+qCsD+Dei70E="
    },
    "string_decoder": {
      "version": "1.0.3",
      "resolved": "http://registry.npm.taobao.org/string_decoder/download/string_decoder-1.0.3.tgz",
      "integrity": "sha1-D8Z9fBQYJd6UKC3VNr7GubzoYKs="
    },
    "style-loader": {
      "version": "0.13.1",
      "resolved": "http://registry.npm.taobao.org/style-loader/download/style-loader-0.13.1.tgz",
      "integrity": "sha1-RoKA77wEcwI806bNVuM7Wh1/w6k=",
      "dev": true
    },
    "url-loader": {
      "version": "0.5.7",
      "resolved": "http://registry.npm.taobao.org/url-loader/download/url-loader-0.5.7.tgz",
      "integrity": "sha1-Z+h3l1n4AA2nSZSQZoDJQ6mwkl0=",
      "dev": true,
      "dependencies": {
        "mime": {
          "version": "1.2.11",
          "resolved": "http://registry.npm.taobao.org/mime/download/mime-1.2.11.tgz",
          "integrity": "sha1-WCA+7Ybjpe8XrtK32evUfwpg3RA="
        }
      }
    },
    "util-deprecate": {
      "version": "1.0.2",
      "resolved": "http://registry.npm.taobao.org/util-deprecate/download/util-deprecate-1.0.2.tgz",
      "integrity": "sha1-RQ1Nyfpw3nMnYvvS1KKJgUGaDM8="
    },
    "webpack": {
      "version": "1.14.0",
      "resolved": "http://registry.npm.taobao.org/webpack/download/webpack-1.14.0.tgz",
      "integrity": "sha1-VPH/uSBRoyilsgV9auM8KJRiyCM=",
      "dev": true,
      "dependencies": {
        "acorn": {
          "version": "3.3.0",
          "resolved": "http://registry.npm.taobao.org/acorn/download/acorn-3.3.0.tgz",
          "integrity": "sha1-ReN/s56No/JbruP/U2niu18iAXo="
        },
        "async": {
          "version": "1.5.2",
          "resolved": "http://registry.npm.taobao.org/async/download/async-1.5.2.tgz",
          "integrity": "sha1-7GphrlZIDAw8skHJVhjiCJL5Zyo="
        },
        "interpret": {
          "version": "0.6.6",
          "resolved": "http://registry.npm.taobao.org/interpret/download/interpret-0.6.6.tgz",
          "integrity": "sha1-/s16GOfOXKar+5U+H4YhOknxYls="
        },
        "supports-color": {
          "version": "3.2.3",
          "resolved": "http://registry.npm.taobao.org/supports-color/download/supports-color-3.2.3.tgz",
          "integrity": "sha1-ZawFBLOVQXHYpklGsq48u4pfVPY="
        },
        "uglify-js": {
          "version": "2.7.5",
          "resolved": "http://registry.npm.taobao.org/uglify-js/download/uglify-js-2.7.5.tgz",
          "integrity": "sha1-RhLAx7qu4rp8SH3kkErhIgefLKg=",
          "dependencies": {
            "async": {
              "version": "0.2.10",
              "resolved": "http://registry.npm.taobao.org/async/download/async-0.2.10.tgz",
              "integrity": "sha1-trvgsGdLnXGXCMo43owjfLUmw9E="
            }
          }
        },
        "yargs": {
          "version": "3.10.0",
          "resolved": "http://registry.npm.taobao.org/yargs/download/yargs-3.10.0.tgz",
          "integrity": "sha1-9+572FfdfB0tOMDnTvvWgdFDH9E="
        }
      }
    },
    "webpack-dev-server": {
      "version": "1.16.2",
      "resolved": "http://registry.npm.taobao.org/webpack-dev-server/download/webpack-dev-server-1.16.2.tgz",
      "integrity": "sha1-i+vCxM4cRaFcct12nZugjbMGp5M=",
      "dev": true,
      "dependencies": {
        "faye-websocket": {
          "version": "0.11.1",
          "resolved": "http://registry.npm.taobao.org/faye-websocket/download/faye-websocket-0.11.1.tgz",
          "integrity": "sha1-8O/hjE9W5PQK/H4Gxxn9XuYYjzg="
        },
        "sockjs-client": {
          "version": "1.1.4",
          "resolved": "http://registry.npm.taobao.org/sockjs-client/download/sockjs-client-1.1.4.tgz",
          "integrity": "sha1-W6vjhrd15M8U51IJEUUmVAFsixI="
        },
        "supports-color": {
          "version": "3.2.3",
          "resolved": "http://registry.npm.taobao.org/supports-color/download/supports-color-3.2.3.tgz",
          "integrity": "sha1-ZawFBLOVQXHYpklGsq48u4pfVPY="
        }
      }
    },
    "webpack-manifest-plugin": {
      "version": "1.1.0",
      "resolved": "http://registry.npm.taobao.org/webpack-manifest-plugin/download/webpack-manifest-plugin-1.1.0.tgz",
      "integrity": "sha1-a2xxiq3oolN5lXhLRr0umDYFfKo=",
      "dev": true
    },
    "whatwg-fetch": {
      "version": "2.0.2",
      "resolved": "https://registry.npmjs.org/whatwg-fetch/-/whatwg-fetch-2.0.2.tgz",
      "integrity": "sha512-a5uPeqJ9mpYPZoJQjOf8zxY4+T18X3WsF6Nq0B0P6S82m09Fgmw9uWAqO/iovuhmFstVhBRMk0fZPaWnmCsmNA==",
      "dev": true
    }
  }
}
